
Microsoft Visual Studio Solution File, Format Version 12.00
# Visual Studio Version 17
VisualStudioVersion = 17.4.33122.133
MinimumVisualStudioVersion = 10.0.40219.1
Project("{FAE04EC0-301F-11D3-BF4B-00C04F79EFBC}") = "ZasobyLudzkie", "ZasobyLudzkie\ZasobyLudzkie.csproj", "{893F41BD-C007-4860-A945-523E2BDE295C}"
EndProject
Global
	GlobalSection(SolutionConfigurationPlatforms) = preSolution
		Debug|Any CPU = Debug|Any CPU
		Release|Any CPU = Release|Any CPU
	EndGlobalSection
	GlobalSection(ProjectConfigurationPlatforms) = postSolution
		{893F41BD-C007-4860-A945-523E2BDE295C}.Debug|Any CPU.ActiveCfg = Debug|Any CPU
		{893F41BD-C007-4860-A945-523E2BDE295C}.Debug|Any CPU.Build.0 = Debug|Any CPU
		{893F41BD-C007-4860-A945-523E2BDE295C}.Release|Any CPU.ActiveCfg = Release|Any CPU
		{893F41BD-C007-4860-A945-523E2BDE295C}.Release|Any CPU.Build.0 = Release|Any CPU
	EndGlobalSection
	GlobalSection(SolutionProperties) = preSolution
		HideSolutionNode = FALSE
	EndGlobalSection
	GlobalSection(ExtensibilityGlobals) = postSolution
		SolutionGuid = {AF279CAB-D2A8-46C4-8E9F-A590984A203C}
	EndGlobalSection
EndGlobal
